
Microsoft Visual Studio Solution File, Format Version 12.00
# Visual Studio 15
VisualStudioVersion = 15.0.28307.645
MinimumVisualStudioVersion = 10.0.40219.1
Project("{FAE04EC0-301F-11D3-BF4B-00C04F79EFBC}") = "PdfiumViewer", "PdfiumViewer\PdfiumViewer.csproj", "{438914B6-5D1C-482C-B942-5C0E057EEF6F}"
EndProject
Project("{FAE04EC0-301F-11D3-BF4B-00C04F79EFBC}") = "PdfiumViewer.Test", "PdfiumViewer.Test\PdfiumViewer.Test.csproj", "{61083268-3F14-47B7-8753-AF69BB3D0891}"
EndProject
Global
	GlobalSection(SolutionConfigurationPlatforms) = preSolution
		Debug|Any CPU = Debug|Any CPU
		Debug|x64 = Debug|x64
		Debug|x86 = Debug|x86
		Release|Any CPU = Release|Any CPU
		Release|x64 = Release|x64
		Release|x86 = Release|x86
	EndGlobalSection
	GlobalSection(ProjectConfigurationPlatforms) = postSolution
		{438914B6-5D1C-482C-B942-5C0E057EEF6F}.Debug|Any CPU.ActiveCfg = Debug|Any CPU
		{438914B6-5D1C-482C-B942-5C0E057EEF6F}.Debug|Any CPU.Build.0 = Debug|Any CPU
		{438914B6-5D1C-482C-B942-5C0E057EEF6F}.Debug|x64.ActiveCfg = Debug|Any CPU
		{438914B6-5D1C-482C-B942-5C0E057EEF6F}.Debug|x64.Build.0 = Debug|Any CPU
		{438914B6-5D1C-482C-B942-5C0E057EEF6F}.Debug|x86.ActiveCfg = Debug|Any CPU
		{438914B6-5D1C-482C-B942-5C0E057EEF6F}.Debug|x86.Build.0 = Debug|Any CPU
		{438914B6-5D1C-482C-B942-5C0E057EEF6F}.Release|Any CPU.ActiveCfg = Release|Any CPU
		{438914B6-5D1C-482C-B942-5C0E057EEF6F}.Release|Any CPU.Build.0 = Release|Any CPU
		{438914B6-5D1C-482C-B942-5C0E057EEF6F}.Release|x64.ActiveCfg = Release|Any CPU
		{438914B6-5D1C-482C-B942-5C0E057EEF6F}.Release|x64.Build.0 = Release|Any CPU
		{438914B6-5D1C-482C-B942-5C0E057EEF6F}.Release|x86.ActiveCfg = Release|Any CPU
		{438914B6-5D1C-482C-B942-5C0E057EEF6F}.Release|x86.Build.0 = Release|Any CPU
		{61083268-3F14-47B7-8753-AF69BB3D0891}.Debug|Any CPU.ActiveCfg = Debug|Any CPU
		{61083268-3F14-47B7-8753-AF69BB3D0891}.Debug|Any CPU.Build.0 = Debug|Any CPU
		{61083268-3F14-47B7-8753-AF69BB3D0891}.Debug|x64.ActiveCfg = Debug|Any CPU
		{61083268-3F14-47B7-8753-AF69BB3D0891}.Debug|x64.Build.0 = Debug|Any CPU
		{61083268-3F14-47B7-8753-AF69BB3D0891}.Debug|x86.ActiveCfg = Debug|Any CPU
		{61083268-3F14-47B7-8753-AF69BB3D0891}.Debug|x86.Build.0 = Debug|Any CPU
		{61083268-3F14-47B7-8753-AF69BB3D0891}.Release|Any CPU.ActiveCfg = Release|Any CPU
		{61083268-3F14-47B7-8753-AF69BB3D0891}.Release|Any CPU.Build.0 = Release|Any CPU
		{61083268-3F14-47B7-8753-AF69BB3D0891}.Release|x64.ActiveCfg = Release|Any CPU
		{61083268-3F14-47B7-8753-AF69BB3D0891}.Release|x64.Build.0 = Release|Any CPU
		{61083268-3F14-47B7-8753-AF69BB3D0891}.Release|x86.ActiveCfg = Release|Any CPU
	EndGlobalSection
	GlobalSection(SolutionProperties) = preSolution
		HideSolutionNode = FALSE
	EndGlobalSection
	GlobalSection(ExtensibilityGlobals) = postSolution
		SolutionGuid = {14DF1EE1-4BE8-4369-B89C-31935F6B7A47}
	EndGlobalSection
EndGlobal
